
Microsoft Visual Studio Solution File, Format Version 12.00
# Visual Studio 14
VisualStudioVersion = 14.0.24720.0
MinimumVisualStudioVersion = 10.0.40219.1
Project("{2150E333-8FDC-42A3-9474-1A3956D46DE8}") = "Solution Items", "Solution Items", "{B1E860B7-5A31-4543-89F7-474A8ECF0AFF}"
	ProjectSection(SolutionItems) = preProject
		Spackle.NET.testrunconfig = Spackle.NET.testrunconfig
		Spackle.NET.vsmdi = Spackle.NET.vsmdi
		Assets\Version.cs = Assets\Version.cs
	EndProjectSection
EndProject
Project("{FAE04EC0-301F-11D3-BF4B-00C04F79EFBC}") = "Spackle.NET", "Spackle.NET\Spackle.NET.csproj", "{D719B543-757E-415B-B836-759E5C495EF9}"
EndProject
Project("{FAE04EC0-301F-11D3-BF4B-00C04F79EFBC}") = "Spackle.NET.Tests", "Spackle.NET.Tests\Spackle.NET.Tests.csproj", "{3A054275-188D-4440-8069-F77A6B020AEE}"
EndProject
Global
	GlobalSection(SolutionConfigurationPlatforms) = preSolution
		Debug|Any CPU = Debug|Any CPU
		Debug|Mixed Platforms = Debug|Mixed Platforms
		Debug|x86 = Debug|x86
		Release|Any CPU = Release|Any CPU
		Release|Mixed Platforms = Release|Mixed Platforms
		Release|x86 = Release|x86
	EndGlobalSection
	GlobalSection(ProjectConfigurationPlatforms) = postSolution
		{D719B543-757E-415B-B836-759E5C495EF9}.Debug|Any CPU.ActiveCfg = Debug|Any CPU
		{D719B543-757E-415B-B836-759E5C495EF9}.Debug|Any CPU.Build.0 = Debug|Any CPU
		{D719B543-757E-415B-B836-759E5C495EF9}.Debug|Mixed Platforms.ActiveCfg = Debug|Any CPU
		{D719B543-757E-415B-B836-759E5C495EF9}.Debug|Mixed Platforms.Build.0 = Debug|Any CPU
		{D719B543-757E-415B-B836-759E5C495EF9}.Debug|x86.ActiveCfg = Debug|Any CPU
		{D719B543-757E-415B-B836-759E5C495EF9}.Release|Any CPU.ActiveCfg = Release|Any CPU
		{D719B543-757E-415B-B836-759E5C495EF9}.Release|Any CPU.Build.0 = Release|Any CPU
		{D719B543-757E-415B-B836-759E5C495EF9}.Release|Mixed Platforms.ActiveCfg = Release|Any CPU
		{D719B543-757E-415B-B836-759E5C495EF9}.Release|Mixed Platforms.Build.0 = Release|Any CPU
		{D719B543-757E-415B-B836-759E5C495EF9}.Release|x86.ActiveCfg = Release|Any CPU
		{3A054275-188D-4440-8069-F77A6B020AEE}.Debug|Any CPU.ActiveCfg = Debug|Any CPU
		{3A054275-188D-4440-8069-F77A6B020AEE}.Debug|Any CPU.Build.0 = Debug|Any CPU
		{3A054275-188D-4440-8069-F77A6B020AEE}.Debug|Mixed Platforms.ActiveCfg = Debug|Any CPU
		{3A054275-188D-4440-8069-F77A6B020AEE}.Debug|Mixed Platforms.Build.0 = Debug|Any CPU
		{3A054275-188D-4440-8069-F77A6B020AEE}.Debug|x86.ActiveCfg = Debug|Any CPU
		{3A054275-188D-4440-8069-F77A6B020AEE}.Release|Any CPU.ActiveCfg = Release|Any CPU
		{3A054275-188D-4440-8069-F77A6B020AEE}.Release|Any CPU.Build.0 = Release|Any CPU
		{3A054275-188D-4440-8069-F77A6B020AEE}.Release|Mixed Platforms.ActiveCfg = Release|Any CPU
		{3A054275-188D-4440-8069-F77A6B020AEE}.Release|Mixed Platforms.Build.0 = Release|Any CPU
		{3A054275-188D-4440-8069-F77A6B020AEE}.Release|x86.ActiveCfg = Release|Any CPU
	EndGlobalSection
	GlobalSection(SolutionProperties) = preSolution
		HideSolutionNode = FALSE
	EndGlobalSection
	GlobalSection(TestCaseManagementSettings) = postSolution
		CategoryFile = Spackle.NET.vsmdi
	EndGlobalSection
EndGlobal
