
Microsoft Visual Studio Solution File, Format Version 12.00
# Visual Studio Version 17
VisualStudioVersion = 17.4.33110.190
MinimumVisualStudioVersion = 10.0.40219.1
Project("{9A19103F-16F7-4668-BE54-9A1E7A4F7556}") = "Spackle", "Spackle\Spackle.csproj", "{15751C00-C93E-49A9-ABF2-091C6BFA0042}"
EndProject
Project("{9A19103F-16F7-4668-BE54-9A1E7A4F7556}") = "Spackle.Tests", "Spackle.Tests\Spackle.Tests.csproj", "{09FCBDF7-A934-49DC-9777-F5802AC83225}"
EndProject
Project("{2150E333-8FDC-42A3-9474-1A3956D46DE8}") = "Solution Items", "Solution Items", "{CC242CE1-FE8F-4F40-9DA8-3E032DF25D9D}"
	ProjectSection(SolutionItems) = preProject
		.editorconfig = .editorconfig
		changelog.md = changelog.md
		Directory.Build.props = Directory.Build.props
		Directory.Packages.props = Directory.Packages.props
		LICENSE.md = LICENSE.md
		README.md = README.md
	EndProjectSection
EndProject
Global
	GlobalSection(SolutionConfigurationPlatforms) = preSolution
		Debug|Any CPU = Debug|Any CPU
		Release|Any CPU = Release|Any CPU
	EndGlobalSection
	GlobalSection(ProjectConfigurationPlatforms) = postSolution
		{15751C00-C93E-49A9-ABF2-091C6BFA0042}.Debug|Any CPU.ActiveCfg = Debug|Any CPU
		{15751C00-C93E-49A9-ABF2-091C6BFA0042}.Debug|Any CPU.Build.0 = Debug|Any CPU
		{15751C00-C93E-49A9-ABF2-091C6BFA0042}.Release|Any CPU.ActiveCfg = Release|Any CPU
		{15751C00-C93E-49A9-ABF2-091C6BFA0042}.Release|Any CPU.Build.0 = Release|Any CPU
		{09FCBDF7-A934-49DC-9777-F5802AC83225}.Debug|Any CPU.ActiveCfg = Debug|Any CPU
		{09FCBDF7-A934-49DC-9777-F5802AC83225}.Debug|Any CPU.Build.0 = Debug|Any CPU
		{09FCBDF7-A934-49DC-9777-F5802AC83225}.Release|Any CPU.ActiveCfg = Release|Any CPU
		{09FCBDF7-A934-49DC-9777-F5802AC83225}.Release|Any CPU.Build.0 = Release|Any CPU
	EndGlobalSection
	GlobalSection(SolutionProperties) = preSolution
		HideSolutionNode = FALSE
	EndGlobalSection
	GlobalSection(ExtensibilityGlobals) = postSolution
		SolutionGuid = {B0535D22-4047-47E9-AB5E-A5503FE32440}
	EndGlobalSection
EndGlobal
